
Microsoft Visual Studio Solution File, Format Version 12.00
# Visual Studio Version 17
VisualStudioVersion = 17.0.32112.339
MinimumVisualStudioVersion = 10.0.40219.1
Project("{9A19103F-16F7-4668-BE54-9A1E7A4F7556}") = "Crystal", "Coursework_CrystalSite_Final\Crystal.csproj", "{C4CAEB2F-B3B6-4A96-AF4D-49EAF9CA206F}"
EndProject
Project("{9A19103F-16F7-4668-BE54-9A1E7A4F7556}") = "COMServer", "COMServer\COMServer.csproj", "{7EB9BC35-0D3D-4626-8CBE-E8457AE8A7B2}"
EndProject
Project("{9A19103F-16F7-4668-BE54-9A1E7A4F7556}") = "COMClient", "COMClient\COMClient.csproj", "{8692770E-AD47-4213-99C6-9CF7C0C12BAE}"
EndProject
Project("{9A19103F-16F7-4668-BE54-9A1E7A4F7556}") = "COMContract", "COMContract\COMContract.csproj", "{D70CF017-FA0A-40C2-8862-53FB69E03218}"
EndProject
Global
	GlobalSection(SolutionConfigurationPlatforms) = preSolution
		Debug|Any CPU = Debug|Any CPU
		Debug|x64 = Debug|x64
		Debug|x86 = Debug|x86
		Release|Any CPU = Release|Any CPU
		Release|x64 = Release|x64
		Release|x86 = Release|x86
	EndGlobalSection
	GlobalSection(ProjectConfigurationPlatforms) = postSolution
		{C4CAEB2F-B3B6-4A96-AF4D-49EAF9CA206F}.Debug|Any CPU.ActiveCfg = Debug|Any CPU
		{C4CAEB2F-B3B6-4A96-AF4D-49EAF9CA206F}.Debug|Any CPU.Build.0 = Debug|Any CPU
		{C4CAEB2F-B3B6-4A96-AF4D-49EAF9CA206F}.Debug|x64.ActiveCfg = Debug|x64
		{C4CAEB2F-B3B6-4A96-AF4D-49EAF9CA206F}.Debug|x64.Build.0 = Debug|x64
		{C4CAEB2F-B3B6-4A96-AF4D-49EAF9CA206F}.Debug|x86.ActiveCfg = Debug|Any CPU
		{C4CAEB2F-B3B6-4A96-AF4D-49EAF9CA206F}.Debug|x86.Build.0 = Debug|Any CPU
		{C4CAEB2F-B3B6-4A96-AF4D-49EAF9CA206F}.Release|Any CPU.ActiveCfg = Release|Any CPU
		{C4CAEB2F-B3B6-4A96-AF4D-49EAF9CA206F}.Release|Any CPU.Build.0 = Release|Any CPU
		{C4CAEB2F-B3B6-4A96-AF4D-49EAF9CA206F}.Release|x64.ActiveCfg = Release|x64
		{C4CAEB2F-B3B6-4A96-AF4D-49EAF9CA206F}.Release|x64.Build.0 = Release|x64
		{C4CAEB2F-B3B6-4A96-AF4D-49EAF9CA206F}.Release|x86.ActiveCfg = Release|x86
		{C4CAEB2F-B3B6-4A96-AF4D-49EAF9CA206F}.Release|x86.Build.0 = Release|x86
		{7EB9BC35-0D3D-4626-8CBE-E8457AE8A7B2}.Debug|Any CPU.ActiveCfg = Debug|Any CPU
		{7EB9BC35-0D3D-4626-8CBE-E8457AE8A7B2}.Debug|Any CPU.Build.0 = Debug|Any CPU
		{7EB9BC35-0D3D-4626-8CBE-E8457AE8A7B2}.Debug|x64.ActiveCfg = Debug|Any CPU
		{7EB9BC35-0D3D-4626-8CBE-E8457AE8A7B2}.Debug|x64.Build.0 = Debug|Any CPU
		{7EB9BC35-0D3D-4626-8CBE-E8457AE8A7B2}.Debug|x86.ActiveCfg = Debug|Any CPU
		{7EB9BC35-0D3D-4626-8CBE-E8457AE8A7B2}.Debug|x86.Build.0 = Debug|Any CPU
		{7EB9BC35-0D3D-4626-8CBE-E8457AE8A7B2}.Release|Any CPU.ActiveCfg = Release|Any CPU
		{7EB9BC35-0D3D-4626-8CBE-E8457AE8A7B2}.Release|Any CPU.Build.0 = Release|Any CPU
		{7EB9BC35-0D3D-4626-8CBE-E8457AE8A7B2}.Release|x64.ActiveCfg = Release|Any CPU
		{7EB9BC35-0D3D-4626-8CBE-E8457AE8A7B2}.Release|x64.Build.0 = Release|Any CPU
		{7EB9BC35-0D3D-4626-8CBE-E8457AE8A7B2}.Release|x86.ActiveCfg = Release|Any CPU
		{7EB9BC35-0D3D-4626-8CBE-E8457AE8A7B2}.Release|x86.Build.0 = Release|Any CPU
		{8692770E-AD47-4213-99C6-9CF7C0C12BAE}.Debug|Any CPU.ActiveCfg = Debug|Any CPU
		{8692770E-AD47-4213-99C6-9CF7C0C12BAE}.Debug|Any CPU.Build.0 = Debug|Any CPU
		{8692770E-AD47-4213-99C6-9CF7C0C12BAE}.Debug|x64.ActiveCfg = Debug|Any CPU
		{8692770E-AD47-4213-99C6-9CF7C0C12BAE}.Debug|x64.Build.0 = Debug|Any CPU
		{8692770E-AD47-4213-99C6-9CF7C0C12BAE}.Debug|x86.ActiveCfg = Debug|Any CPU
		{8692770E-AD47-4213-99C6-9CF7C0C12BAE}.Debug|x86.Build.0 = Debug|Any CPU
		{8692770E-AD47-4213-99C6-9CF7C0C12BAE}.Release|Any CPU.ActiveCfg = Release|Any CPU
		{8692770E-AD47-4213-99C6-9CF7C0C12BAE}.Release|Any CPU.Build.0 = Release|Any CPU
		{8692770E-AD47-4213-99C6-9CF7C0C12BAE}.Release|x64.ActiveCfg = Release|Any CPU
		{8692770E-AD47-4213-99C6-9CF7C0C12BAE}.Release|x64.Build.0 = Release|Any CPU
		{8692770E-AD47-4213-99C6-9CF7C0C12BAE}.Release|x86.ActiveCfg = Release|Any CPU
		{8692770E-AD47-4213-99C6-9CF7C0C12BAE}.Release|x86.Build.0 = Release|Any CPU
		{D70CF017-FA0A-40C2-8862-53FB69E03218}.Debug|Any CPU.ActiveCfg = Debug|Any CPU
		{D70CF017-FA0A-40C2-8862-53FB69E03218}.Debug|Any CPU.Build.0 = Debug|Any CPU
		{D70CF017-FA0A-40C2-8862-53FB69E03218}.Debug|x64.ActiveCfg = Debug|Any CPU
		{D70CF017-FA0A-40C2-8862-53FB69E03218}.Debug|x64.Build.0 = Debug|Any CPU
		{D70CF017-FA0A-40C2-8862-53FB69E03218}.Debug|x86.ActiveCfg = Debug|Any CPU
		{D70CF017-FA0A-40C2-8862-53FB69E03218}.Debug|x86.Build.0 = Debug|Any CPU
		{D70CF017-FA0A-40C2-8862-53FB69E03218}.Release|Any CPU.ActiveCfg = Release|Any CPU
		{D70CF017-FA0A-40C2-8862-53FB69E03218}.Release|Any CPU.Build.0 = Release|Any CPU
		{D70CF017-FA0A-40C2-8862-53FB69E03218}.Release|x64.ActiveCfg = Release|Any CPU
		{D70CF017-FA0A-40C2-8862-53FB69E03218}.Release|x64.Build.0 = Release|Any CPU
		{D70CF017-FA0A-40C2-8862-53FB69E03218}.Release|x86.ActiveCfg = Release|Any CPU
		{D70CF017-FA0A-40C2-8862-53FB69E03218}.Release|x86.Build.0 = Release|Any CPU
	EndGlobalSection
	GlobalSection(SolutionProperties) = preSolution
		HideSolutionNode = FALSE
	EndGlobalSection
	GlobalSection(ExtensibilityGlobals) = postSolution
		SolutionGuid = {3F0471AF-D306-484D-9206-DD155F83B7C0}
	EndGlobalSection
EndGlobal
