
Microsoft Visual Studio Solution File, Format Version 12.00
# Visual Studio Version 17
VisualStudioVersion = 17.0.32112.339
MinimumVisualStudioVersion = 10.0.40219.1
Project("{9A19103F-16F7-4668-BE54-9A1E7A4F7556}") = "Crystal", "Coursework_CrystalSite_Final\Crystal.csproj", "{C4CAEB2F-B3B6-4A96-AF4D-49EAF9CA206F}"
EndProject
Global
	GlobalSection(SolutionConfigurationPlatforms) = preSolution
		Debug|Any CPU = Debug|Any CPU
		Debug|x64 = Debug|x64
		Debug|x86 = Debug|x86
		Release|Any CPU = Release|Any CPU
		Release|x64 = Release|x64
		Release|x86 = Release|x86
	EndGlobalSection
	GlobalSection(ProjectConfigurationPlatforms) = postSolution
		{C4CAEB2F-B3B6-4A96-AF4D-49EAF9CA206F}.Debug|Any CPU.ActiveCfg = Debug|Any CPU
		{C4CAEB2F-B3B6-4A96-AF4D-49EAF9CA206F}.Debug|Any CPU.Build.0 = Debug|Any CPU
		{C4CAEB2F-B3B6-4A96-AF4D-49EAF9CA206F}.Debug|x64.ActiveCfg = Debug|x64
		{C4CAEB2F-B3B6-4A96-AF4D-49EAF9CA206F}.Debug|x64.Build.0 = Debug|x64
		{C4CAEB2F-B3B6-4A96-AF4D-49EAF9CA206F}.Debug|x86.ActiveCfg = Debug|Any CPU
		{C4CAEB2F-B3B6-4A96-AF4D-49EAF9CA206F}.Debug|x86.Build.0 = Debug|Any CPU
		{C4CAEB2F-B3B6-4A96-AF4D-49EAF9CA206F}.Release|Any CPU.ActiveCfg = Release|Any CPU
		{C4CAEB2F-B3B6-4A96-AF4D-49EAF9CA206F}.Release|Any CPU.Build.0 = Release|Any CPU
		{C4CAEB2F-B3B6-4A96-AF4D-49EAF9CA206F}.Release|x64.ActiveCfg = Release|x64
		{C4CAEB2F-B3B6-4A96-AF4D-49EAF9CA206F}.Release|x64.Build.0 = Release|x64
		{C4CAEB2F-B3B6-4A96-AF4D-49EAF9CA206F}.Release|x86.ActiveCfg = Release|x86
		{C4CAEB2F-B3B6-4A96-AF4D-49EAF9CA206F}.Release|x86.Build.0 = Release|x86
	EndGlobalSection
	GlobalSection(SolutionProperties) = preSolution
		HideSolutionNode = FALSE
	EndGlobalSection
	GlobalSection(ExtensibilityGlobals) = postSolution
		SolutionGuid = {3F0471AF-D306-484D-9206-DD155F83B7C0}
	EndGlobalSection
EndGlobal
